
Microsoft Visual Studio Solution File, Format Version 12.00
# Visual Studio Version 17
VisualStudioVersion = 17.8.34408.163
MinimumVisualStudioVersion = 10.0.40219.1
Project("{2150E333-8FDC-42A3-9474-1A3956D46DE8}") = "src", "src", "{C9594C54-9696-49A3-BA5F-B87C62257432}"
EndProject
Project("{2150E333-8FDC-42A3-9474-1A3956D46DE8}") = "tests", "tests", "{8F278986-1C3B-4A41-8343-09423664E62E}"
EndProject
Project("{FAE04EC0-301F-11D3-BF4B-00C04F79EFBC}") = "UserServiceApp.API", "src\UserServiceApp.API\UserServiceApp.API.csproj", "{1C23E565-61E8-4BE8-BBDA-E3A36BE1217A}"
EndProject
Project("{FAE04EC0-301F-11D3-BF4B-00C04F79EFBC}") = "UserServiceApp.Domain", "src\UserServiceApp.Domain\UserServiceApp.Domain.csproj", "{6A1FF1BD-0A63-4D82-996C-C3683614DB1B}"
EndProject
Project("{FAE04EC0-301F-11D3-BF4B-00C04F79EFBC}") = "UserServiceApp.Application", "src\UserServiceApp.Application\UserServiceApp.Application.csproj", "{30177100-0896-40F6-A9DE-A8152C8217FC}"
EndProject
Project("{FAE04EC0-301F-11D3-BF4B-00C04F79EFBC}") = "UserServiceApp.Infrastructure", "src\UserServiceApp.Infrastructure\UserServiceApp.Infrastructure.csproj", "{E9AF292B-73C8-4E42-A4CC-A72C94E742A4}"
EndProject
Project("{FAE04EC0-301F-11D3-BF4B-00C04F79EFBC}") = "UserServiceApp.Contracts", "src\UserServiceApp.Contracts\UserServiceApp.Contracts.csproj", "{31EADDE2-0500-4A18-987B-EF8F86A7AA66}"
EndProject
Global
	GlobalSection(SolutionConfigurationPlatforms) = preSolution
		Debug|Any CPU = Debug|Any CPU
		Release|Any CPU = Release|Any CPU
	EndGlobalSection
	GlobalSection(ProjectConfigurationPlatforms) = postSolution
		{1C23E565-61E8-4BE8-BBDA-E3A36BE1217A}.Debug|Any CPU.ActiveCfg = Debug|Any CPU
		{1C23E565-61E8-4BE8-BBDA-E3A36BE1217A}.Debug|Any CPU.Build.0 = Debug|Any CPU
		{1C23E565-61E8-4BE8-BBDA-E3A36BE1217A}.Release|Any CPU.ActiveCfg = Release|Any CPU
		{1C23E565-61E8-4BE8-BBDA-E3A36BE1217A}.Release|Any CPU.Build.0 = Release|Any CPU
		{6A1FF1BD-0A63-4D82-996C-C3683614DB1B}.Debug|Any CPU.ActiveCfg = Debug|Any CPU
		{6A1FF1BD-0A63-4D82-996C-C3683614DB1B}.Debug|Any CPU.Build.0 = Debug|Any CPU
		{6A1FF1BD-0A63-4D82-996C-C3683614DB1B}.Release|Any CPU.ActiveCfg = Release|Any CPU
		{6A1FF1BD-0A63-4D82-996C-C3683614DB1B}.Release|Any CPU.Build.0 = Release|Any CPU
		{30177100-0896-40F6-A9DE-A8152C8217FC}.Debug|Any CPU.ActiveCfg = Debug|Any CPU
		{30177100-0896-40F6-A9DE-A8152C8217FC}.Debug|Any CPU.Build.0 = Debug|Any CPU
		{30177100-0896-40F6-A9DE-A8152C8217FC}.Release|Any CPU.ActiveCfg = Release|Any CPU
		{30177100-0896-40F6-A9DE-A8152C8217FC}.Release|Any CPU.Build.0 = Release|Any CPU
		{E9AF292B-73C8-4E42-A4CC-A72C94E742A4}.Debug|Any CPU.ActiveCfg = Debug|Any CPU
		{E9AF292B-73C8-4E42-A4CC-A72C94E742A4}.Debug|Any CPU.Build.0 = Debug|Any CPU
		{E9AF292B-73C8-4E42-A4CC-A72C94E742A4}.Release|Any CPU.ActiveCfg = Release|Any CPU
		{E9AF292B-73C8-4E42-A4CC-A72C94E742A4}.Release|Any CPU.Build.0 = Release|Any CPU
		{31EADDE2-0500-4A18-987B-EF8F86A7AA66}.Debug|Any CPU.ActiveCfg = Debug|Any CPU
		{31EADDE2-0500-4A18-987B-EF8F86A7AA66}.Debug|Any CPU.Build.0 = Debug|Any CPU
		{31EADDE2-0500-4A18-987B-EF8F86A7AA66}.Release|Any CPU.ActiveCfg = Release|Any CPU
		{31EADDE2-0500-4A18-987B-EF8F86A7AA66}.Release|Any CPU.Build.0 = Release|Any CPU
	EndGlobalSection
	GlobalSection(SolutionProperties) = preSolution
		HideSolutionNode = FALSE
	EndGlobalSection
	GlobalSection(NestedProjects) = preSolution
		{1C23E565-61E8-4BE8-BBDA-E3A36BE1217A} = {C9594C54-9696-49A3-BA5F-B87C62257432}
		{6A1FF1BD-0A63-4D82-996C-C3683614DB1B} = {C9594C54-9696-49A3-BA5F-B87C62257432}
		{30177100-0896-40F6-A9DE-A8152C8217FC} = {C9594C54-9696-49A3-BA5F-B87C62257432}
		{E9AF292B-73C8-4E42-A4CC-A72C94E742A4} = {C9594C54-9696-49A3-BA5F-B87C62257432}
		{31EADDE2-0500-4A18-987B-EF8F86A7AA66} = {C9594C54-9696-49A3-BA5F-B87C62257432}
	EndGlobalSection
	GlobalSection(ExtensibilityGlobals) = postSolution
		SolutionGuid = {A0C67BA8-D2B2-4325-AD9C-5E746BDAAA09}
	EndGlobalSection
EndGlobal
